
Microsoft Visual Studio Solution File, Format Version 12.00
# Visual Studio Version 17
VisualStudioVersion = 17.1.32319.34
MinimumVisualStudioVersion = 10.0.40219.1
Project("{FAE04EC0-301F-11D3-BF4B-00C04F79EFBC}") = "Diplom", "Diplom\Diplom.csproj", "{90B5F65A-9686-41D5-82A0-14EDFCC01BB2}"
EndProject
Global
	GlobalSection(SolutionConfigurationPlatforms) = preSolution
		Debug|Any CPU = Debug|Any CPU
		Release|Any CPU = Release|Any CPU
	EndGlobalSection
	GlobalSection(ProjectConfigurationPlatforms) = postSolution
		{90B5F65A-9686-41D5-82A0-14EDFCC01BB2}.Debug|Any CPU.ActiveCfg = Debug|Any CPU
		{90B5F65A-9686-41D5-82A0-14EDFCC01BB2}.Debug|Any CPU.Build.0 = Debug|Any CPU
		{90B5F65A-9686-41D5-82A0-14EDFCC01BB2}.Release|Any CPU.ActiveCfg = Release|Any CPU
		{90B5F65A-9686-41D5-82A0-14EDFCC01BB2}.Release|Any CPU.Build.0 = Release|Any CPU
	EndGlobalSection
	GlobalSection(SolutionProperties) = preSolution
		HideSolutionNode = FALSE
	EndGlobalSection
	GlobalSection(ExtensibilityGlobals) = postSolution
		SolutionGuid = {A6AC584E-7B68-4F7B-B1D7-96EC82174CE7}
	EndGlobalSection
EndGlobal
